
Microsoft Visual Studio Solution File, Format Version 12.00
# Visual Studio Version 16
VisualStudioVersion = 16.0.32630.194
MinimumVisualStudioVersion = 10.0.40219.1
Project("{9A19103F-16F7-4668-BE54-9A1E7A4F7556}") = "AssignmentMaqtaGateway3", "AssignmentMaqtaGateway3\AssignmentMaqtaGateway3.csproj", "{04B64671-3F73-4F4D-8CAF-1CAD3D00A7C6}"
EndProject
Project("{FAE04EC0-301F-11D3-BF4B-00C04F79EFBC}") = "TestAssignment", "TestAssignment\TestAssignment.csproj", "{DC965693-BC3C-42E7-9C59-B779F9CE1AF5}"
EndProject
Global
	GlobalSection(SolutionConfigurationPlatforms) = preSolution
		Debug|Any CPU = Debug|Any CPU
		Release|Any CPU = Release|Any CPU
	EndGlobalSection
	GlobalSection(ProjectConfigurationPlatforms) = postSolution
		{04B64671-3F73-4F4D-8CAF-1CAD3D00A7C6}.Debug|Any CPU.ActiveCfg = Debug|Any CPU
		{04B64671-3F73-4F4D-8CAF-1CAD3D00A7C6}.Debug|Any CPU.Build.0 = Debug|Any CPU
		{04B64671-3F73-4F4D-8CAF-1CAD3D00A7C6}.Release|Any CPU.ActiveCfg = Release|Any CPU
		{04B64671-3F73-4F4D-8CAF-1CAD3D00A7C6}.Release|Any CPU.Build.0 = Release|Any CPU
		{DC965693-BC3C-42E7-9C59-B779F9CE1AF5}.Debug|Any CPU.ActiveCfg = Debug|Any CPU
		{DC965693-BC3C-42E7-9C59-B779F9CE1AF5}.Debug|Any CPU.Build.0 = Debug|Any CPU
		{DC965693-BC3C-42E7-9C59-B779F9CE1AF5}.Release|Any CPU.ActiveCfg = Release|Any CPU
		{DC965693-BC3C-42E7-9C59-B779F9CE1AF5}.Release|Any CPU.Build.0 = Release|Any CPU
	EndGlobalSection
	GlobalSection(SolutionProperties) = preSolution
		HideSolutionNode = FALSE
	EndGlobalSection
	GlobalSection(ExtensibilityGlobals) = postSolution
		SolutionGuid = {29884DEC-4D66-4022-BC6C-8E9656A9390C}
	EndGlobalSection
EndGlobal
